{
  "nodes": {
    "nixpkgs": {
      "locked": {
        "lastModified": 1742943570,
        "narHash": "sha256-DlWElYYHKaUsGX/pfyIUO8aQHCPAia1THVR0RbtCJQ0=",
        "owner": "nixos",
        "repo": "nixpkgs",
        "rev": "f62d6734af4581af614cab0f2aa16bcecfc33c11",
        "type": "github"
      },
      "original": {
        "owner": "nixos",
        "repo": "nixpkgs",
        "rev": "f62d6734af4581af614cab0f2aa16bcecfc33c11",
        "type": "github"
      }
    },
    "root": {
      "inputs": {
        "nixpkgs": "nixpkgs"
      }
    }
  },
  "root": "root",
  "version": 7
}
